
Microsoft Visual Studio Solution File, Format Version 12.00
# Visual Studio Version 16
VisualStudioVersion = 16.0.29519.181
MinimumVisualStudioVersion = 10.0.40219.1
Project("{FAE04EC0-301F-11D3-BF4B-00C04F79EFBC}") = "Backend", "Backend\Backend.csproj", "{AE62AEAF-6532-4E7A-B775-A1C431D29A31}"
EndProject
Project("{FAE04EC0-301F-11D3-BF4B-00C04F79EFBC}") = "Frontend", "Frontend\Frontend.csproj", "{CC7FC9C1-9E0E-44F8-9740-F81188D48779}"
EndProject
Global
	GlobalSection(SolutionConfigurationPlatforms) = preSolution
		Debug|Any CPU = Debug|Any CPU
		Release|Any CPU = Release|Any CPU
	EndGlobalSection
	GlobalSection(ProjectConfigurationPlatforms) = postSolution
		{AE62AEAF-6532-4E7A-B775-A1C431D29A31}.Debug|Any CPU.ActiveCfg = Debug|Any CPU
		{AE62AEAF-6532-4E7A-B775-A1C431D29A31}.Debug|Any CPU.Build.0 = Debug|Any CPU
		{AE62AEAF-6532-4E7A-B775-A1C431D29A31}.Release|Any CPU.ActiveCfg = Release|Any CPU
		{AE62AEAF-6532-4E7A-B775-A1C431D29A31}.Release|Any CPU.Build.0 = Release|Any CPU
		{CC7FC9C1-9E0E-44F8-9740-F81188D48779}.Debug|Any CPU.ActiveCfg = Debug|Any CPU
		{CC7FC9C1-9E0E-44F8-9740-F81188D48779}.Debug|Any CPU.Build.0 = Debug|Any CPU
		{CC7FC9C1-9E0E-44F8-9740-F81188D48779}.Release|Any CPU.ActiveCfg = Release|Any CPU
		{CC7FC9C1-9E0E-44F8-9740-F81188D48779}.Release|Any CPU.Build.0 = Release|Any CPU
	EndGlobalSection
	GlobalSection(SolutionProperties) = preSolution
		HideSolutionNode = FALSE
	EndGlobalSection
	GlobalSection(ExtensibilityGlobals) = postSolution
		SolutionGuid = {6547D616-9347-422D-88FD-83488BA49379}
	EndGlobalSection
EndGlobal
